
Microsoft Visual Studio Solution File, Format Version 12.00
# Visual Studio 15
VisualStudioVersion = 15.0.28307.168
MinimumVisualStudioVersion = 10.0.40219.1
Project("{FAE04EC0-301F-11D3-BF4B-00C04F79EFBC}") = "PokerCalculator", "PokerCalculator.csproj", "{64DC746C-7F6F-41D7-B7DA-922E339D6EB3}"
EndProject
Project("{FAE04EC0-301F-11D3-BF4B-00C04F79EFBC}") = "CardTest", "..\..\CardTest\CardTest\CardTest.csproj", "{3A1981A8-97B2-4259-9391-C98F38F3D822}"
EndProject
Global
	GlobalSection(SolutionConfigurationPlatforms) = preSolution
		Debug|Any CPU = Debug|Any CPU
		Release|Any CPU = Release|Any CPU
	EndGlobalSection
	GlobalSection(ProjectConfigurationPlatforms) = postSolution
		{64DC746C-7F6F-41D7-B7DA-922E339D6EB3}.Debug|Any CPU.ActiveCfg = Debug|Any CPU
		{64DC746C-7F6F-41D7-B7DA-922E339D6EB3}.Debug|Any CPU.Build.0 = Debug|Any CPU
		{64DC746C-7F6F-41D7-B7DA-922E339D6EB3}.Release|Any CPU.ActiveCfg = Release|Any CPU
		{64DC746C-7F6F-41D7-B7DA-922E339D6EB3}.Release|Any CPU.Build.0 = Release|Any CPU
		{3A1981A8-97B2-4259-9391-C98F38F3D822}.Debug|Any CPU.ActiveCfg = Debug|Any CPU
		{3A1981A8-97B2-4259-9391-C98F38F3D822}.Debug|Any CPU.Build.0 = Debug|Any CPU
		{3A1981A8-97B2-4259-9391-C98F38F3D822}.Release|Any CPU.ActiveCfg = Release|Any CPU
		{3A1981A8-97B2-4259-9391-C98F38F3D822}.Release|Any CPU.Build.0 = Release|Any CPU
	EndGlobalSection
	GlobalSection(SolutionProperties) = preSolution
		HideSolutionNode = FALSE
	EndGlobalSection
	GlobalSection(ExtensibilityGlobals) = postSolution
		SolutionGuid = {3CA0419F-A3C4-4B45-8573-8710EEFC5156}
	EndGlobalSection
EndGlobal
